// !$*UTF8*$!
{
	archiveVersion = 1;
	classes = {
	};
	objectVersion = 50;
	objects = {

/* Begin PBXBuildFile section */
		6610909C2350369A006D7B6B /* DateViewController.swift in Sources */ = {isa = PBXBuildFile; fileRef = 6610909B2350369A006D7B6B /* DateViewController.swift */; };
		6610909E235036C4006D7B6B /* InfoViewController.swift in Sources */ = {isa = PBXBuildFile; fileRef = 6610909D235036C4006D7B6B /* InfoViewController.swift */; };
		661090A0235036EB006D7B6B /* DiaryViewController.swift in Sources */ = {isa = PBXBuildFile; fileRef = 6610909F235036EB006D7B6B /* DiaryViewController.swift */; };
		661090A2235039FA006D7B6B /* calender_himekuri.png in Resources */ = {isa = PBXBuildFile; fileRef = 661090A1235039FA006D7B6B /* calender_himekuri.png */; };
		666144EF23497737003802A9 /* AppDelegate.swift in Sources */ = {isa = PBXBuildFile; fileRef = 666144EE23497737003802A9 /* AppDelegate.swift */; };
		666144F123497737003802A9 /* SceneDelegate.swift in Sources */ = {isa = PBXBuildFile; fileRef = 666144F023497737003802A9 /* SceneDelegate.swift */; };
		666144F323497737003802A9 /* ViewController.swift in Sources */ = {isa = PBXBuildFile; fileRef = 666144F223497737003802A9 /* ViewController.swift */; };
		666144F623497737003802A9 /* Main.storyboard in Resources */ = {isa = PBXBuildFile; fileRef = 666144F423497737003802A9 /* Main.storyboard */; };
		666144F823497740003802A9 /* Assets.xcassets in Resources */ = {isa = PBXBuildFile; fileRef = 666144F723497740003802A9 /* Assets.xcassets */; };
		666144FB23497740003802A9 /* LaunchScreen.storyboard in Resources */ = {isa = PBXBuildFile; fileRef = 666144F923497740003802A9 /* LaunchScreen.storyboard */; };
		66614567234AE6E6003802A9 /* kid_seikaku_kachiki_boy.png in Resources */ = {isa = PBXBuildFile; fileRef = 66614566234AE6E6003802A9 /* kid_seikaku_kachiki_boy.png */; };
/* End PBXBuildFile section */

/* Begin PBXFileReference section */
		6610909B2350369A006D7B6B /* DateViewController.swift */ = {isa = PBXFileReference; lastKnownFileType = sourcecode.swift; path = DateViewController.swift; sourceTree = "<group>"; };
		6610909D235036C4006D7B6B /* InfoViewController.swift */ = {isa = PBXFileReference; lastKnownFileType = sourcecode.swift; path = InfoViewController.swift; sourceTree = "<group>"; };
		6610909F235036EB006D7B6B /* DiaryViewController.swift */ = {isa = PBXFileReference; lastKnownFileType = sourcecode.swift; path = DiaryViewController.swift; sourceTree = "<group>"; };
		661090A1235039FA006D7B6B /* calender_himekuri.png */ = {isa = PBXFileReference; lastKnownFileType = image.png; path = calender_himekuri.png; sourceTree = "<group>"; };
		666144EB23497737003802A9 /* OriginalApp.app */ = {isa = PBXFileReference; explicitFileType = wrapper.application; includeInIndex = 0; path = OriginalApp.app; sourceTree = BUILT_PRODUCTS_DIR; };
		666144EE23497737003802A9 /* AppDelegate.swift */ = {isa = PBXFileReference; lastKnownFileType = sourcecode.swift; path = AppDelegate.swift; sourceTree = "<group>"; };
		666144F023497737003802A9 /* SceneDelegate.swift */ = {isa = PBXFileReference; lastKnownFileType = sourcecode.swift; path = SceneDelegate.swift; sourceTree = "<group>"; };
		666144F223497737003802A9 /* ViewController.swift */ = {isa = PBXFileReference; lastKnownFileType = sourcecode.swift; path = ViewController.swift; sourceTree = "<group>"; };
		666144F523497737003802A9 /* Base */ = {isa = PBXFileReference; lastKnownFileType = file.storyboard; name = Base; path = Base.lproj/Main.storyboard; sourceTree = "<group>"; };
		666144F723497740003802A9 /* Assets.xcassets */ = {isa = PBXFileReference; lastKnownFileType = folder.assetcatalog; path = Assets.xcassets; sourceTree = "<group>"; };
		666144FA23497740003802A9 /* Base */ = {isa = PBXFileReference; lastKnownFileType = file.storyboard; name = Base; path = Base.lproj/LaunchScreen.storyboard; sourceTree = "<group>"; };
		666144FC23497740003802A9 /* Info.plist */ = {isa = PBXFileReference; lastKnownFileType = text.plist.xml; path = Info.plist; sourceTree = "<group>"; };
		66614566234AE6E6003802A9 /* kid_seikaku_kachiki_boy.png */ = {isa = PBXFileReference; lastKnownFileType = image.png; path = kid_seikaku_kachiki_boy.png; sourceTree = "<group>"; };
/* End PBXFileReference section */

/* Begin PBXFrameworksBuildPhase section */
		666144E823497737003802A9 /* Frameworks */ = {
			isa = PBXFrameworksBuildPhase;
			buildActionMask = 2147483647;
			files = (
			);
			runOnlyForDeploymentPostprocessing = 0;
		};
/* End PBXFrameworksBuildPhase section */

/* Begin PBXGroup section */
		666144E223497736003802A9 = {
			isa = PBXGroup;
			children = (
				666144ED23497737003802A9 /* OriginalApp */,
				666144EC23497737003802A9 /* Products */,
			);
			sourceTree = "<group>";
		};
		666144EC23497737003802A9 /* Products */ = {
			isa = PBXGroup;
			children = (
				666144EB23497737003802A9 /* OriginalApp.app */,
			);
			name = Products;
			sourceTree = "<group>";
		};
		666144ED23497737003802A9 /* OriginalApp */ = {
			isa = PBXGroup;
			children = (
				661090A1235039FA006D7B6B /* calender_himekuri.png */,
				66614566234AE6E6003802A9 /* kid_seikaku_kachiki_boy.png */,
				666144EE23497737003802A9 /* AppDelegate.swift */,
				666144F023497737003802A9 /* SceneDelegate.swift */,
				666144F223497737003802A9 /* ViewController.swift */,
				6610909B2350369A006D7B6B /* DateViewController.swift */,
				6610909D235036C4006D7B6B /* InfoViewController.swift */,
				6610909F235036EB006D7B6B /* DiaryViewController.swift */,
				666144F423497737003802A9 /* Main.storyboard */,
				666144F723497740003802A9 /* Assets.xcassets */,
				666144F923497740003802A9 /* LaunchScreen.storyboard */,
				666144FC23497740003802A9 /* Info.plist */,
			);
			path = OriginalApp;
			sourceTree = "<group>";
		};
/* End PBXGroup section */

/* Begin PBXNativeTarget section */
		666144EA23497737003802A9 /* OriginalApp */ = {
			isa = PBXNativeTarget;
			buildConfigurationList = 666144FF23497740003802A9 /* Build configuration list for PBXNativeTarget "OriginalApp" */;
			buildPhases = (
				666144E723497737003802A9 /* Sources */,
				666144E823497737003802A9 /* Frameworks */,
				666144E923497737003802A9 /* Resources */,
			);
			buildRules = (
			);
			dependencies = (
			);
			name = OriginalApp;
			productName = OriginalApp;
			productReference = 666144EB23497737003802A9 /* OriginalApp.app */;
			productType = "com.apple.product-type.application";
		};
/* End PBXNativeTarget section */

/* Begin PBXProject section */
		666144E323497736003802A9 /* Project object */ = {
			isa = PBXProject;
			attributes = {
				LastSwiftUpdateCheck = 1100;
				LastUpgradeCheck = 1100;
				ORGANIZATIONNAME = litech;
				TargetAttributes = {
					666144EA23497737003802A9 = {
						CreatedOnToolsVersion = 11.0;
					};
				};
			};
			buildConfigurationList = 666144E623497736003802A9 /* Build configuration list for PBXProject "OriginalApp" */;
			compatibilityVersion = "Xcode 9.3";
			developmentRegion = en;
			hasScannedForEncodings = 0;
			knownRegions = (
				en,
				Base,
			);
			mainGroup = 666144E223497736003802A9;
			productRefGroup = 666144EC23497737003802A9 /* Products */;
			projectDirPath = "";
			projectRoot = "";
			targets = (
				666144EA23497737003802A9 /* OriginalApp */,
			);
		};
/* End PBXProject section */

/* Begin PBXResourcesBuildPhase section */
		666144E923497737003802A9 /* Resources */ = {
			isa = PBXResourcesBuildPhase;
			buildActionMask = 2147483647;
			files = (
				666144FB23497740003802A9 /* LaunchScreen.storyboard in Resources */,
				666144F823497740003802A9 /* Assets.xcassets in Resources */,
				661090A2235039FA006D7B6B /* calender_himekuri.png in Resources */,
				66614567234AE6E6003802A9 /* kid_seikaku_kachiki_boy.png in Resources */,
				666144F623497737003802A9 /* Main.storyboard in Resources */,
			);
			runOnlyForDeploymentPostprocessing = 0;
		};
/* End PBXResourcesBuildPhase section */

/* Begin PBXSourcesBuildPhase section */
		666144E723497737003802A9 /* Sources */ = {
			isa = PBXSourcesBuildPhase;
			buildActionMask = 2147483647;
			files = (
				6610909C2350369A006D7B6B /* DateViewController.swift in Sources */,
				666144F323497737003802A9 /* ViewController.swift in Sources */,
				666144EF23497737003802A9 /* AppDelegate.swift in Sources */,
				666144F123497737003802A9 /* SceneDelegate.swift in Sources */,
				661090A0235036EB006D7B6B /* DiaryViewController.swift in Sources */,
				6610909E235036C4006D7B6B /* InfoViewController.swift in Sources */,
			);
			runOnlyForDeploymentPostprocessing = 0;
		};
/* End PBXSourcesBuildPhase section */

/* Begin PBXVariantGroup section */
		666144F423497737003802A9 /* Main.storyboard */ = {
			isa = PBXVariantGroup;
			children = (
				666144F523497737003802A9 /* Base */,
			);
			name = Main.storyboard;
			sourceTree = "<group>";
		};
		666144F923497740003802A9 /* LaunchScreen.storyboard */ = {
			isa = PBXVariantGroup;
			children = (
				666144FA23497740003802A9 /* Base */,
			);
			name = LaunchScreen.storyboard;
			sourceTree = "<group>";
		};
/* End PBXVariantGroup section */

/* Begin XCBuildConfiguration section */
		666144FD23497740003802A9 /* Debug */ = {
			isa = XCBuildConfiguration;
			buildSettings = {
				ALWAYS_SEARCH_USER_PATHS = NO;
				CLANG_ANALYZER_NONNULL = YES;
				CLANG_ANALYZER_NUMBER_OBJECT_CONVERSION = YES_AGGRESSIVE;
				CLANG_CXX_LANGUAGE_STANDARD = "gnu++14";
				CLANG_CXX_LIBRARY = "libc++";
				CLANG_ENABLE_MODULES = YES;
				CLANG_ENABLE_OBJC_ARC = YES;
				CLANG_ENABLE_OBJC_WEAK = YES;
				CLANG_WARN_BLOCK_CAPTURE_AUTORELEASING = YES;
				CLANG_WARN_BOOL_CONVERSION = YES;
				CLANG_WARN_COMMA = YES;
				CLANG_WARN_CONSTANT_CONVERSION = YES;
				CLANG_WARN_DEPRECATED_OBJC_IMPLEMENTATIONS = YES;
				CLANG_WARN_DIRECT_OBJC_ISA_USAGE = YES_ERROR;
				CLANG_WARN_DOCUMENTATION_COMMENTS = YES;
				CLANG_WARN_EMPTY_BODY = YES;
				CLANG_WARN_ENUM_CONVERSION = YES;
				CLANG_WARN_INFINITE_RECURSION = YES;
				CLANG_WARN_INT_CONVERSION = YES;
				CLANG_WARN_NON_LITERAL_NULL_CONVERSION = YES;
				CLANG_WARN_OBJC_IMPLICIT_RETAIN_SELF = YES;
				CLANG_WARN_OBJC_LITERAL_CONVERSION = YES;
				CLANG_WARN_OBJC_ROOT_CLASS = YES_ERROR;
				CLANG_WARN_RANGE_LOOP_ANALYSIS = YES;
				CLANG_WARN_STRICT_PROTOTYPES = YES;
				CLANG_WARN_SUSPICIOUS_MOVE = YES;
				CLANG_WARN_UNGUARDED_AVAILABILITY = YES_AGGRESSIVE;
				CLANG_WARN_UNREACHABLE_CODE = YES;
				CLANG_WARN__DUPLICATE_METHOD_MATCH = YES;
				COPY_PHASE_STRIP = NO;
				DEBUG_INFORMATION_FORMAT = dwarf;
				ENABLE_STRICT_OBJC_MSGSEND = YES;
				ENABLE_TESTABILITY = YES;
				GCC_C_LANGUAGE_STANDARD = gnu11;
				GCC_DYNAMIC_NO_PIC = NO;
				GCC_NO_COMMON_BLOCKS = YES;
				GCC_OPTIMIZATION_LEVEL = 0;
				GCC_PREPROCESSOR_DEFINITIONS = (
					"DEBUG=1",
					"$(inherited)",
				);
				GCC_WARN_64_TO_32_BIT_CONVERSION = YES;
				GCC_WARN_ABOUT_RETURN_TYPE = YES_ERROR;
				GCC_WARN_UNDECLARED_SELECTOR = YES;
				GCC_WARN_UNINITIALIZED_AUTOS = YES_AGGRESSIVE;
				GCC_WARN_UNUSED_FUNCTION = YES;
				GCC_WARN_UNUSED_VARIABLE = YES;
				IPHONEOS_DEPLOYMENT_TARGET = 13.0;
				MTL_ENABLE_DEBUG_INFO = INCLUDE_SOURCE;
				MTL_FAST_MATH = YES;
				ONLY_ACTIVE_ARCH = YES;
				SDKROOT = iphoneos;
				SWIFT_ACTIVE_COMPILATION_CONDITIONS = DEBUG;
				SWIFT_OPTIMIZATION_LEVEL = "-Onone";
			};
			name = Debug;
		};
		666144FE23497740003802A9 /* Release */ = {
			isa = XCBuildConfiguration;
			buildSettings = {
				ALWAYS_SEARCH_USER_PATHS = NO;
				CLANG_ANALYZER_NONNULL = YES;
				CLANG_ANALYZER_NUMBER_OBJECT_CONVERSION = YES_AGGRESSIVE;
				CLANG_CXX_LANGUAGE_STANDARD = "gnu++14";
				CLANG_CXX_LIBRARY = "libc++";
				CLANG_ENABLE_MODULES = YES;
				CLANG_ENABLE_OBJC_ARC = YES;
				CLANG_ENABLE_OBJC_WEAK = YES;
				CLANG_WARN_BLOCK_CAPTURE_AUTORELEASING = YES;
				CLANG_WARN_BOOL_CONVERSION = YES;
				CLANG_WARN_COMMA = YES;
				CLANG_WARN_CONSTANT_CONVERSION = YES;
				CLANG_WARN_DEPRECATED_OBJC_IMPLEMENTATIONS = YES;
				CLANG_WARN_DIRECT_OBJC_ISA_USAGE = YES_ERROR;
				CLANG_WARN_DOCUMENTATION_COMMENTS = YES;
				CLANG_WARN_EMPTY_BODY = YES;
				CLANG_WARN_ENUM_CONVERSION = YES;
				CLANG_WARN_INFINITE_RECURSION = YES;
				CLANG_WARN_INT_CONVERSION = YES;
				CLANG_WARN_NON_LITERAL_NULL_CONVERSION = YES;
				CLANG_WARN_OBJC_IMPLICIT_RETAIN_SELF = YES;
				CLANG_WARN_OBJC_LITERAL_CONVERSION = YES;
				CLANG_WARN_OBJC_ROOT_CLASS = YES_ERROR;
				CLANG_WARN_RANGE_LOOP_ANALYSIS = YES;
				CLANG_WARN_STRICT_PROTOTYPES = YES;
				CLANG_WARN_SUSPICIOUS_MOVE = YES;
				CLANG_WARN_UNGUARDED_AVAILABILITY = YES_AGGRESSIVE;
				CLANG_WARN_UNREACHABLE_CODE = YES;
				CLANG_WARN__DUPLICATE_METHOD_MATCH = YES;
				COPY_PHASE_STRIP = NO;
				DEBUG_INFORMATION_FORMAT = "dwarf-with-dsym";
				ENABLE_NS_ASSERTIONS = NO;
				ENABLE_STRICT_OBJC_MSGSEND = YES;
				GCC_C_LANGUAGE_STANDARD = gnu11;
				GCC_NO_COMMON_BLOCKS = YES;
				GCC_WARN_64_TO_32_BIT_CONVERSION = YES;
				GCC_WARN_ABOUT_RETURN_TYPE = YES_ERROR;
				GCC_WARN_UNDECLARED_SELECTOR = YES;
				GCC_WARN_UNINITIALIZED_AUTOS = YES_AGGRESSIVE;
				GCC_WARN_UNUSED_FUNCTION = YES;
				GCC_WARN_UNUSED_VARIABLE = YES;
				IPHONEOS_DEPLOYMENT_TARGET = 13.0;
				MTL_ENABLE_DEBUG_INFO = NO;
				MTL_FAST_MATH = YES;
				SDKROOT = iphoneos;
				SWIFT_COMPILATION_MODE = wholemodule;
				SWIFT_OPTIMIZATION_LEVEL = "-O";
				VALIDATE_PRODUCT = YES;
			};
			name = Release;
		};
		6661450023497740003802A9 /* Debug */ = {
			isa = XCBuildConfiguration;
			buildSettings = {
				ASSETCATALOG_COMPILER_APPICON_NAME = AppIcon;
				CODE_SIGN_STYLE = Automatic;
				INFOPLIST_FILE = OriginalApp/Info.plist;
				LD_RUNPATH_SEARCH_PATHS = (
					"$(inherited)",
					"@executable_path/Frameworks",
				);
				PRODUCT_BUNDLE_IDENTIFIER = com.litech.OriginalApp;
				PRODUCT_NAME = "$(TARGET_NAME)";
				SWIFT_VERSION = 5.0;
				TARGETED_DEVICE_FAMILY = "1,2";
			};
			name = Debug;
		};
		6661450123497740003802A9 /* Release */ = {
			isa = XCBuildConfiguration;
			buildSettings = {
				ASSETCATALOG_COMPILER_APPICON_NAME = AppIcon;
				CODE_SIGN_STYLE = Automatic;
				INFOPLIST_FILE = OriginalApp/Info.plist;
				LD_RUNPATH_SEARCH_PATHS = (
					"$(inherited)",
					"@executable_path/Frameworks",
				);
				PRODUCT_BUNDLE_IDENTIFIER = com.litech.OriginalApp;
				PRODUCT_NAME = "$(TARGET_NAME)";
				SWIFT_VERSION = 5.0;
				TARGETED_DEVICE_FAMILY = "1,2";
			};
			name = Release;
		};
/* End XCBuildConfiguration section */

/* Begin XCConfigurationList section */
		666144E623497736003802A9 /* Build configuration list for PBXProject "OriginalApp" */ = {
			isa = XCConfigurationList;
			buildConfigurations = (
				666144FD23497740003802A9 /* Debug */,
				666144FE23497740003802A9 /* Release */,
			);
			defaultConfigurationIsVisible = 0;
			defaultConfigurationName = Release;
		};
		666144FF23497740003802A9 /* Build configuration list for PBXNativeTarget "OriginalApp" */ = {
			isa = XCConfigurationList;
			buildConfigurations = (
				6661450023497740003802A9 /* Debug */,
				6661450123497740003802A9 /* Release */,
			);
			defaultConfigurationIsVisible = 0;
			defaultConfigurationName = Release;
		};
/* End XCConfigurationList section */
	};
	rootObject = 666144E323497736003802A9 /* Project object */;
}
